<?xml version="1.0" encoding="utf-8"?>
<Project ToolsVersion="4.0" xmlns="http://schemas.microsoft.com/developer/msbuild/2003">
  <ItemGroup>
    <Filter Include="src">
      <UniqueIdentifier>{b1e1db81-a6f5-4f3a-9dd4-0e5a45e75c09}</UniqueIdentifier>
      <Extensions>h;hpp;hxx;hm;inl;inc;cpp;c;cxx;def;odl;idl;hpj;bat;asm</Extensions>
    </Filter>
    <Filter Include="res">
      <UniqueIdentifier>{00bb37e8-a86a-41aa-9289-f4cd1eaed2e1}</UniqueIdentifier>
      <Extensions>rc;ico;cur;bmp;dlg;rc2;rct;bin;rgs;jpg;jpeg;jpe;manifest</Extensions>
    </Filter>
  </ItemGroup>
  <ItemGroup>
    <ClCompile Include="..\..\..\src\MagicBlockGameUI\stdafx.cpp">
      <Filter>src</Filter>
    </ClCompile>
    <ClCompile Include="..\..\..\src\MagicBlockGameUI\MainDlg.cpp">
      <Filter>src</Filter>
    </ClCompile>
    <ClCompile Include="..\..\..\src\MagicBlockGameUI\AboutDlg.cpp">
      <Filter>src</Filter>
    </ClCompile>
    <ClCompile Include="..\..\..\src\MagicBlockGameUI\Application.cpp">
      <Filter>src</Filter>
    </ClCompile>
    <ClCompile Include="..\..\..\src\MagicBlockGameUI\TargetBoardWnd.cpp">
      <Filter>src</Filter>
    </ClCompile>
  </ItemGroup>
  <ItemGroup>
    <ClInclude Include="..\..\..\src\MagicBlockGameUI\AboutDlg.h">
      <Filter>src</Filter>
    </ClInclude>
    <ClInclude Include="..\..\..\src\MagicBlockGameUI\MainDlg.h">
      <Filter>src</Filter>
    </ClInclude>
    <ClInclude Include="..\..\..\src\MagicBlockGameUI\resource.h">
      <Filter>src</Filter>
    </ClInclude>
    <ClInclude Include="..\..\..\src\MagicBlockGameUI\stdafx.h">
      <Filter>src</Filter>
    </ClInclude>
    <ClInclude Include="..\..\..\src\MagicBlockGameUI\TargetBoardWnd.h">
      <Filter>src</Filter>
    </ClInclude>
  </ItemGroup>
  <ItemGroup>
    <ResourceCompile Include="..\..\..\src\MagicBlockGameUI\MagicBlockGameUI.rc">
      <Filter>res</Filter>
    </ResourceCompile>
  </ItemGroup>
  <ItemGroup>
    <Image Include="..\..\..\src\MagicBlockGameUI\res\MagicBlockGameUI.ico">
      <Filter>res</Filter>
    </Image>
  </ItemGroup>
</Project>